
Microsoft Visual Studio Solution File, Format Version 12.00
# Visual Studio Version 17
VisualStudioVersion = 17.5.33502.453
MinimumVisualStudioVersion = 10.0.40219.1
Project("{FAE04EC0-301F-11D3-BF4B-00C04F79EFBC}") = "HandyCook.API", "HandyCook.API\HandyCook.API.csproj", "{EECEF089-CDD3-4E54-AFDD-E66A415214E1}"
EndProject
Project("{FAE04EC0-301F-11D3-BF4B-00C04F79EFBC}") = "HandyCook.Communication", "HandyCook.Communication\HandyCook.Communication.csproj", "{DF893193-F098-4460-932B-4C1DE47F6471}"
EndProject
Global
	GlobalSection(SolutionConfigurationPlatforms) = preSolution
		Debug|Any CPU = Debug|Any CPU
		Release|Any CPU = Release|Any CPU
	EndGlobalSection
	GlobalSection(ProjectConfigurationPlatforms) = postSolution
		{EECEF089-CDD3-4E54-AFDD-E66A415214E1}.Debug|Any CPU.ActiveCfg = Debug|Any CPU
		{EECEF089-CDD3-4E54-AFDD-E66A415214E1}.Debug|Any CPU.Build.0 = Debug|Any CPU
		{EECEF089-CDD3-4E54-AFDD-E66A415214E1}.Release|Any CPU.ActiveCfg = Release|Any CPU
		{EECEF089-CDD3-4E54-AFDD-E66A415214E1}.Release|Any CPU.Build.0 = Release|Any CPU
		{DF893193-F098-4460-932B-4C1DE47F6471}.Debug|Any CPU.ActiveCfg = Debug|Any CPU
		{DF893193-F098-4460-932B-4C1DE47F6471}.Debug|Any CPU.Build.0 = Debug|Any CPU
		{DF893193-F098-4460-932B-4C1DE47F6471}.Release|Any CPU.ActiveCfg = Release|Any CPU
		{DF893193-F098-4460-932B-4C1DE47F6471}.Release|Any CPU.Build.0 = Release|Any CPU
	EndGlobalSection
	GlobalSection(SolutionProperties) = preSolution
		HideSolutionNode = FALSE
	EndGlobalSection
	GlobalSection(ExtensibilityGlobals) = postSolution
		SolutionGuid = {E304F9BA-F44E-4D7A-B772-AC9CBAEFF215}
	EndGlobalSection
EndGlobal
